
Microsoft Visual Studio Solution File, Format Version 12.00
# Visual Studio Version 16
VisualStudioVersion = 16.0.30621.155
MinimumVisualStudioVersion = 10.0.40219.1
Project("{FAE04EC0-301F-11D3-BF4B-00C04F79EFBC}") = "FileDetails", "ITMO.LaboratoryWork_05\FileDetails.csproj", "{2AE1182B-4B58-4DFC-B966-17B3CA01B437}"
EndProject
Project("{FAE04EC0-301F-11D3-BF4B-00C04F79EFBC}") = "MatrixMultiply", "MatrixMultiply\MatrixMultiply.csproj", "{1D2F93A4-FDCD-4CAD-8970-896AB487754B}"
EndProject
Global
	GlobalSection(SolutionConfigurationPlatforms) = preSolution
		Debug|Any CPU = Debug|Any CPU
		Release|Any CPU = Release|Any CPU
	EndGlobalSection
	GlobalSection(ProjectConfigurationPlatforms) = postSolution
		{2AE1182B-4B58-4DFC-B966-17B3CA01B437}.Debug|Any CPU.ActiveCfg = Debug|Any CPU
		{2AE1182B-4B58-4DFC-B966-17B3CA01B437}.Debug|Any CPU.Build.0 = Debug|Any CPU
		{2AE1182B-4B58-4DFC-B966-17B3CA01B437}.Release|Any CPU.ActiveCfg = Release|Any CPU
		{2AE1182B-4B58-4DFC-B966-17B3CA01B437}.Release|Any CPU.Build.0 = Release|Any CPU
		{1D2F93A4-FDCD-4CAD-8970-896AB487754B}.Debug|Any CPU.ActiveCfg = Debug|Any CPU
		{1D2F93A4-FDCD-4CAD-8970-896AB487754B}.Debug|Any CPU.Build.0 = Debug|Any CPU
		{1D2F93A4-FDCD-4CAD-8970-896AB487754B}.Release|Any CPU.ActiveCfg = Release|Any CPU
		{1D2F93A4-FDCD-4CAD-8970-896AB487754B}.Release|Any CPU.Build.0 = Release|Any CPU
	EndGlobalSection
	GlobalSection(SolutionProperties) = preSolution
		HideSolutionNode = FALSE
	EndGlobalSection
	GlobalSection(ExtensibilityGlobals) = postSolution
		SolutionGuid = {78AEA93B-4E1D-44C1-923C-6C8D9D8B86AD}
	EndGlobalSection
EndGlobal
