
Microsoft Visual Studio Solution File, Format Version 12.00
# Visual Studio Version 16
VisualStudioVersion = 16.0.30621.155
MinimumVisualStudioVersion = 10.0.40219.1
Project("{FAE04EC0-301F-11D3-BF4B-00C04F79EFBC}") = "ITMO.LaboratoryWork_01", "ITMO.LaboratoryWork_01\ITMO.LaboratoryWork_01.csproj", "{F8BDCFB0-00AE-42F3-A560-2FDA440B5312}"
EndProject
Global
	GlobalSection(SolutionConfigurationPlatforms) = preSolution
		Debug|Any CPU = Debug|Any CPU
		Release|Any CPU = Release|Any CPU
	EndGlobalSection
	GlobalSection(ProjectConfigurationPlatforms) = postSolution
		{F8BDCFB0-00AE-42F3-A560-2FDA440B5312}.Debug|Any CPU.ActiveCfg = Debug|Any CPU
		{F8BDCFB0-00AE-42F3-A560-2FDA440B5312}.Debug|Any CPU.Build.0 = Debug|Any CPU
		{F8BDCFB0-00AE-42F3-A560-2FDA440B5312}.Release|Any CPU.ActiveCfg = Release|Any CPU
		{F8BDCFB0-00AE-42F3-A560-2FDA440B5312}.Release|Any CPU.Build.0 = Release|Any CPU
	EndGlobalSection
	GlobalSection(SolutionProperties) = preSolution
		HideSolutionNode = FALSE
	EndGlobalSection
	GlobalSection(ExtensibilityGlobals) = postSolution
		SolutionGuid = {8A2838FF-1358-4B7E-8EBA-0A79D1871A90}
	EndGlobalSection
EndGlobal
