
Microsoft Visual Studio Solution File, Format Version 12.00
# Visual Studio Version 16
VisualStudioVersion = 16.0.30709.132
MinimumVisualStudioVersion = 10.0.40219.1
Project("{FAE04EC0-301F-11D3-BF4B-00C04F79EFBC}") = "switch_case", "ITMO.LaboratoryWork_03\switch_case.csproj", "{A3CC7ABC-AD09-47A2-920D-5AF74110A89D}"
EndProject
Project("{FAE04EC0-301F-11D3-BF4B-00C04F79EFBC}") = "Enum", "Enum\Enum.csproj", "{F78C43D3-AAAD-4850-BCA7-0F159DC327BC}"
EndProject
Project("{FAE04EC0-301F-11D3-BF4B-00C04F79EFBC}") = "cycle_foreach", "cycle_foreach\cycle_foreach.csproj", "{9FC71ECC-11C4-4CE1-B540-D5F70DFF86BF}"
EndProject
Project("{FAE04EC0-301F-11D3-BF4B-00C04F79EFBC}") = "try_catch", "try_catch\try_catch.csproj", "{5C44F808-60DF-49AC-98B2-9EAA93D96E29}"
EndProject
Project("{FAE04EC0-301F-11D3-BF4B-00C04F79EFBC}") = "LeapYear", "LeapYear\LeapYear.csproj", "{094401A3-4533-40EF-AC93-D5BBD269040B}"
EndProject
Global
	GlobalSection(SolutionConfigurationPlatforms) = preSolution
		Debug|Any CPU = Debug|Any CPU
		Release|Any CPU = Release|Any CPU
	EndGlobalSection
	GlobalSection(ProjectConfigurationPlatforms) = postSolution
		{A3CC7ABC-AD09-47A2-920D-5AF74110A89D}.Debug|Any CPU.ActiveCfg = Debug|Any CPU
		{A3CC7ABC-AD09-47A2-920D-5AF74110A89D}.Debug|Any CPU.Build.0 = Debug|Any CPU
		{A3CC7ABC-AD09-47A2-920D-5AF74110A89D}.Release|Any CPU.ActiveCfg = Release|Any CPU
		{A3CC7ABC-AD09-47A2-920D-5AF74110A89D}.Release|Any CPU.Build.0 = Release|Any CPU
		{F78C43D3-AAAD-4850-BCA7-0F159DC327BC}.Debug|Any CPU.ActiveCfg = Debug|Any CPU
		{F78C43D3-AAAD-4850-BCA7-0F159DC327BC}.Debug|Any CPU.Build.0 = Debug|Any CPU
		{F78C43D3-AAAD-4850-BCA7-0F159DC327BC}.Release|Any CPU.ActiveCfg = Release|Any CPU
		{F78C43D3-AAAD-4850-BCA7-0F159DC327BC}.Release|Any CPU.Build.0 = Release|Any CPU
		{9FC71ECC-11C4-4CE1-B540-D5F70DFF86BF}.Debug|Any CPU.ActiveCfg = Debug|Any CPU
		{9FC71ECC-11C4-4CE1-B540-D5F70DFF86BF}.Debug|Any CPU.Build.0 = Debug|Any CPU
		{9FC71ECC-11C4-4CE1-B540-D5F70DFF86BF}.Release|Any CPU.ActiveCfg = Release|Any CPU
		{9FC71ECC-11C4-4CE1-B540-D5F70DFF86BF}.Release|Any CPU.Build.0 = Release|Any CPU
		{5C44F808-60DF-49AC-98B2-9EAA93D96E29}.Debug|Any CPU.ActiveCfg = Debug|Any CPU
		{5C44F808-60DF-49AC-98B2-9EAA93D96E29}.Debug|Any CPU.Build.0 = Debug|Any CPU
		{5C44F808-60DF-49AC-98B2-9EAA93D96E29}.Release|Any CPU.ActiveCfg = Release|Any CPU
		{5C44F808-60DF-49AC-98B2-9EAA93D96E29}.Release|Any CPU.Build.0 = Release|Any CPU
		{094401A3-4533-40EF-AC93-D5BBD269040B}.Debug|Any CPU.ActiveCfg = Debug|Any CPU
		{094401A3-4533-40EF-AC93-D5BBD269040B}.Debug|Any CPU.Build.0 = Debug|Any CPU
		{094401A3-4533-40EF-AC93-D5BBD269040B}.Release|Any CPU.ActiveCfg = Release|Any CPU
		{094401A3-4533-40EF-AC93-D5BBD269040B}.Release|Any CPU.Build.0 = Release|Any CPU
	EndGlobalSection
	GlobalSection(SolutionProperties) = preSolution
		HideSolutionNode = FALSE
	EndGlobalSection
	GlobalSection(ExtensibilityGlobals) = postSolution
		SolutionGuid = {4D259CBC-73AF-4289-9D6D-5D4FFF67195A}
	EndGlobalSection
EndGlobal
